// !$*UTF8*$!
{
	archiveVersion = 1;
	classes = {
	};
	objectVersion = 50;
	objects = {

/* Begin PBXBuildFile section */
		15EAAB432137E12700E57CFD /* AppDelegate.swift in Sources */ = {isa = PBXBuildFile; fileRef = 15EAAB422137E12700E57CFD /* AppDelegate.swift */; };
		15EAAB482137E12700E57CFD /* Main.storyboard in Resources */ = {isa = PBXBuildFile; fileRef = 15EAAB462137E12700E57CFD /* Main.storyboard */; };
		15EAAB4A2137E12900E57CFD /* Assets.xcassets in Resources */ = {isa = PBXBuildFile; fileRef = 15EAAB492137E12900E57CFD /* Assets.xcassets */; };
		15EAAB4D2137E12900E57CFD /* LaunchScreen.storyboard in Resources */ = {isa = PBXBuildFile; fileRef = 15EAAB4B2137E12900E57CFD /* LaunchScreen.storyboard */; };
		15EAAB5A2137F55E00E57CFD /* LoginViewController.swift in Sources */ = {isa = PBXBuildFile; fileRef = 15EAAB592137F55E00E57CFD /* LoginViewController.swift */; };
/* End PBXBuildFile section */

/* Begin PBXFileReference section */
		15EAAB3F2137E12700E57CFD /* KoreaLover.app */ = {isa = PBXFileReference; explicitFileType = wrapper.application; includeInIndex = 0; path = KoreaLover.app; sourceTree = BUILT_PRODUCTS_DIR; };
		15EAAB422137E12700E57CFD /* AppDelegate.swift */ = {isa = PBXFileReference; lastKnownFileType = sourcecode.swift; path = AppDelegate.swift; sourceTree = "<group>"; };
		15EAAB472137E12700E57CFD /* Base */ = {isa = PBXFileReference; lastKnownFileType = file.storyboard; name = Base; path = Base.lproj/Main.storyboard; sourceTree = "<group>"; };
		15EAAB492137E12900E57CFD /* Assets.xcassets */ = {isa = PBXFileReference; lastKnownFileType = folder.assetcatalog; path = Assets.xcassets; sourceTree = "<group>"; };
		15EAAB4C2137E12900E57CFD /* Base */ = {isa = PBXFileReference; lastKnownFileType = file.storyboard; name = Base; path = Base.lproj/LaunchScreen.storyboard; sourceTree = "<group>"; };
		15EAAB4E2137E12900E57CFD /* Info.plist */ = {isa = PBXFileReference; lastKnownFileType = text.plist.xml; path = Info.plist; sourceTree = "<group>"; };
		15EAAB592137F55E00E57CFD /* LoginViewController.swift */ = {isa = PBXFileReference; lastKnownFileType = sourcecode.swift; path = LoginViewController.swift; sourceTree = "<group>"; };
/* End PBXFileReference section */

/* Begin PBXFrameworksBuildPhase section */
		15EAAB3C2137E12700E57CFD /* Frameworks */ = {
			isa = PBXFrameworksBuildPhase;
			buildActionMask = 2147483647;
			files = (
			);
			runOnlyForDeploymentPostprocessing = 0;
		};
/* End PBXFrameworksBuildPhase section */

/* Begin PBXGroup section */
		15EAAB362137E12700E57CFD = {
			isa = PBXGroup;
			children = (
				15EAAB412137E12700E57CFD /* KoreaLover */,
				15EAAB402137E12700E57CFD /* Products */,
			);
			sourceTree = "<group>";
		};
		15EAAB402137E12700E57CFD /* Products */ = {
			isa = PBXGroup;
			children = (
				15EAAB3F2137E12700E57CFD /* KoreaLover.app */,
			);
			name = Products;
			sourceTree = "<group>";
		};
		15EAAB412137E12700E57CFD /* KoreaLover */ = {
			isa = PBXGroup;
			children = (
				15EAAB572137F53200E57CFD /* Sources */,
				15EAAB562137F52100E57CFD /* Storyboards */,
				15EAAB542137E1F200E57CFD /* Resources */,
				15EAAB552137F50500E57CFD /* SuportingFiles */,
			);
			path = KoreaLover;
			sourceTree = "<group>";
		};
		15EAAB542137E1F200E57CFD /* Resources */ = {
			isa = PBXGroup;
			children = (
				15EAAB492137E12900E57CFD /* Assets.xcassets */,
			);
			path = Resources;
			sourceTree = "<group>";
		};
		15EAAB552137F50500E57CFD /* SuportingFiles */ = {
			isa = PBXGroup;
			children = (
				15EAAB4E2137E12900E57CFD /* Info.plist */,
			);
			path = SuportingFiles;
			sourceTree = "<group>";
		};
		15EAAB562137F52100E57CFD /* Storyboards */ = {
			isa = PBXGroup;
			children = (
				15EAAB462137E12700E57CFD /* Main.storyboard */,
				15EAAB4B2137E12900E57CFD /* LaunchScreen.storyboard */,
			);
			path = Storyboards;
			sourceTree = "<group>";
		};
		15EAAB572137F53200E57CFD /* Sources */ = {
			isa = PBXGroup;
			children = (
				15EAAB422137E12700E57CFD /* AppDelegate.swift */,
				15EAAB582137F53F00E57CFD /* LoginVC */,
			);
			path = Sources;
			sourceTree = "<group>";
		};
		15EAAB582137F53F00E57CFD /* LoginVC */ = {
			isa = PBXGroup;
			children = (
				15EAAB592137F55E00E57CFD /* LoginViewController.swift */,
			);
			path = LoginVC;
			sourceTree = "<group>";
		};
/* End PBXGroup section */

/* Begin PBXNativeTarget section */
		15EAAB3E2137E12700E57CFD /* KoreaLover */ = {
			isa = PBXNativeTarget;
			buildConfigurationList = 15EAAB512137E12900E57CFD /* Build configuration list for PBXNativeTarget "KoreaLover" */;
			buildPhases = (
				15EAAB3B2137E12700E57CFD /* Sources */,
				15EAAB3C2137E12700E57CFD /* Frameworks */,
				15EAAB3D2137E12700E57CFD /* Resources */,
			);
			buildRules = (
			);
			dependencies = (
			);
			name = KoreaLover;
			productName = KoreaLover;
			productReference = 15EAAB3F2137E12700E57CFD /* KoreaLover.app */;
			productType = "com.apple.product-type.application";
		};
/* End PBXNativeTarget section */

/* Begin PBXProject section */
		15EAAB372137E12700E57CFD /* Project object */ = {
			isa = PBXProject;
			attributes = {
				LastSwiftUpdateCheck = 0940;
				LastUpgradeCheck = 0940;
				ORGANIZATIONNAME = "김승진";
				TargetAttributes = {
					15EAAB3E2137E12700E57CFD = {
						CreatedOnToolsVersion = 9.4.1;
					};
				};
			};
			buildConfigurationList = 15EAAB3A2137E12700E57CFD /* Build configuration list for PBXProject "KoreaLover" */;
			compatibilityVersion = "Xcode 9.3";
			developmentRegion = en;
			hasScannedForEncodings = 0;
			knownRegions = (
				en,
				Base,
			);
			mainGroup = 15EAAB362137E12700E57CFD;
			productRefGroup = 15EAAB402137E12700E57CFD /* Products */;
			projectDirPath = "";
			projectRoot = "";
			targets = (
				15EAAB3E2137E12700E57CFD /* KoreaLover */,
			);
		};
/* End PBXProject section */

/* Begin PBXResourcesBuildPhase section */
		15EAAB3D2137E12700E57CFD /* Resources */ = {
			isa = PBXResourcesBuildPhase;
			buildActionMask = 2147483647;
			files = (
				15EAAB4D2137E12900E57CFD /* LaunchScreen.storyboard in Resources */,
				15EAAB4A2137E12900E57CFD /* Assets.xcassets in Resources */,
				15EAAB482137E12700E57CFD /* Main.storyboard in Resources */,
			);
			runOnlyForDeploymentPostprocessing = 0;
		};
/* End PBXResourcesBuildPhase section */

/* Begin PBXSourcesBuildPhase section */
		15EAAB3B2137E12700E57CFD /* Sources */ = {
			isa = PBXSourcesBuildPhase;
			buildActionMask = 2147483647;
			files = (
				15EAAB5A2137F55E00E57CFD /* LoginViewController.swift in Sources */,
				15EAAB432137E12700E57CFD /* AppDelegate.swift in Sources */,
			);
			runOnlyForDeploymentPostprocessing = 0;
		};
/* End PBXSourcesBuildPhase section */

/* Begin PBXVariantGroup section */
		15EAAB462137E12700E57CFD /* Main.storyboard */ = {
			isa = PBXVariantGroup;
			children = (
				15EAAB472137E12700E57CFD /* Base */,
			);
			name = Main.storyboard;
			sourceTree = "<group>";
		};
		15EAAB4B2137E12900E57CFD /* LaunchScreen.storyboard */ = {
			isa = PBXVariantGroup;
			children = (
				15EAAB4C2137E12900E57CFD /* Base */,
			);
			name = LaunchScreen.storyboard;
			sourceTree = "<group>";
		};
/* End PBXVariantGroup section */

/* Begin XCBuildConfiguration section */
		15EAAB4F2137E12900E57CFD /* Debug */ = {
			isa = XCBuildConfiguration;
			buildSettings = {
				ALWAYS_SEARCH_USER_PATHS = NO;
				CLANG_ANALYZER_NONNULL = YES;
				CLANG_ANALYZER_NUMBER_OBJECT_CONVERSION = YES_AGGRESSIVE;
				CLANG_CXX_LANGUAGE_STANDARD = "gnu++14";
				CLANG_CXX_LIBRARY = "libc++";
				CLANG_ENABLE_MODULES = YES;
				CLANG_ENABLE_OBJC_ARC = YES;
				CLANG_ENABLE_OBJC_WEAK = YES;
				CLANG_WARN_BLOCK_CAPTURE_AUTORELEASING = YES;
				CLANG_WARN_BOOL_CONVERSION = YES;
				CLANG_WARN_COMMA = YES;
				CLANG_WARN_CONSTANT_CONVERSION = YES;
				CLANG_WARN_DEPRECATED_OBJC_IMPLEMENTATIONS = YES;
				CLANG_WARN_DIRECT_OBJC_ISA_USAGE = YES_ERROR;
				CLANG_WARN_DOCUMENTATION_COMMENTS = YES;
				CLANG_WARN_EMPTY_BODY = YES;
				CLANG_WARN_ENUM_CONVERSION = YES;
				CLANG_WARN_INFINITE_RECURSION = YES;
				CLANG_WARN_INT_CONVERSION = YES;
				CLANG_WARN_NON_LITERAL_NULL_CONVERSION = YES;
				CLANG_WARN_OBJC_IMPLICIT_RETAIN_SELF = YES;
				CLANG_WARN_OBJC_LITERAL_CONVERSION = YES;
				CLANG_WARN_OBJC_ROOT_CLASS = YES_ERROR;
				CLANG_WARN_RANGE_LOOP_ANALYSIS = YES;
				CLANG_WARN_STRICT_PROTOTYPES = YES;
				CLANG_WARN_SUSPICIOUS_MOVE = YES;
				CLANG_WARN_UNGUARDED_AVAILABILITY = YES_AGGRESSIVE;
				CLANG_WARN_UNREACHABLE_CODE = YES;
				CLANG_WARN__DUPLICATE_METHOD_MATCH = YES;
				CODE_SIGN_IDENTITY = "iPhone Developer";
				COPY_PHASE_STRIP = NO;
				DEBUG_INFORMATION_FORMAT = dwarf;
				ENABLE_STRICT_OBJC_MSGSEND = YES;
				ENABLE_TESTABILITY = YES;
				GCC_C_LANGUAGE_STANDARD = gnu11;
				GCC_DYNAMIC_NO_PIC = NO;
				GCC_NO_COMMON_BLOCKS = YES;
				GCC_OPTIMIZATION_LEVEL = 0;
				GCC_PREPROCESSOR_DEFINITIONS = (
					"DEBUG=1",
					"$(inherited)",
				);
				GCC_WARN_64_TO_32_BIT_CONVERSION = YES;
				GCC_WARN_ABOUT_RETURN_TYPE = YES_ERROR;
				GCC_WARN_UNDECLARED_SELECTOR = YES;
				GCC_WARN_UNINITIALIZED_AUTOS = YES_AGGRESSIVE;
				GCC_WARN_UNUSED_FUNCTION = YES;
				GCC_WARN_UNUSED_VARIABLE = YES;
				IPHONEOS_DEPLOYMENT_TARGET = 11.4;
				MTL_ENABLE_DEBUG_INFO = YES;
				ONLY_ACTIVE_ARCH = YES;
				SDKROOT = iphoneos;
				SWIFT_ACTIVE_COMPILATION_CONDITIONS = DEBUG;
				SWIFT_OPTIMIZATION_LEVEL = "-Onone";
			};
			name = Debug;
		};
		15EAAB502137E12900E57CFD /* Release */ = {
			isa = XCBuildConfiguration;
			buildSettings = {
				ALWAYS_SEARCH_USER_PATHS = NO;
				CLANG_ANALYZER_NONNULL = YES;
				CLANG_ANALYZER_NUMBER_OBJECT_CONVERSION = YES_AGGRESSIVE;
				CLANG_CXX_LANGUAGE_STANDARD = "gnu++14";
				CLANG_CXX_LIBRARY = "libc++";
				CLANG_ENABLE_MODULES = YES;
				CLANG_ENABLE_OBJC_ARC = YES;
				CLANG_ENABLE_OBJC_WEAK = YES;
				CLANG_WARN_BLOCK_CAPTURE_AUTORELEASING = YES;
				CLANG_WARN_BOOL_CONVERSION = YES;
				CLANG_WARN_COMMA = YES;
				CLANG_WARN_CONSTANT_CONVERSION = YES;
				CLANG_WARN_DEPRECATED_OBJC_IMPLEMENTATIONS = YES;
				CLANG_WARN_DIRECT_OBJC_ISA_USAGE = YES_ERROR;
				CLANG_WARN_DOCUMENTATION_COMMENTS = YES;
				CLANG_WARN_EMPTY_BODY = YES;
				CLANG_WARN_ENUM_CONVERSION = YES;
				CLANG_WARN_INFINITE_RECURSION = YES;
				CLANG_WARN_INT_CONVERSION = YES;
				CLANG_WARN_NON_LITERAL_NULL_CONVERSION = YES;
				CLANG_WARN_OBJC_IMPLICIT_RETAIN_SELF = YES;
				CLANG_WARN_OBJC_LITERAL_CONVERSION = YES;
				CLANG_WARN_OBJC_ROOT_CLASS = YES_ERROR;
				CLANG_WARN_RANGE_LOOP_ANALYSIS = YES;
				CLANG_WARN_STRICT_PROTOTYPES = YES;
				CLANG_WARN_SUSPICIOUS_MOVE = YES;
				CLANG_WARN_UNGUARDED_AVAILABILITY = YES_AGGRESSIVE;
				CLANG_WARN_UNREACHABLE_CODE = YES;
				CLANG_WARN__DUPLICATE_METHOD_MATCH = YES;
				CODE_SIGN_IDENTITY = "iPhone Developer";
				COPY_PHASE_STRIP = NO;
				DEBUG_INFORMATION_FORMAT = "dwarf-with-dsym";
				ENABLE_NS_ASSERTIONS = NO;
				ENABLE_STRICT_OBJC_MSGSEND = YES;
				GCC_C_LANGUAGE_STANDARD = gnu11;
				GCC_NO_COMMON_BLOCKS = YES;
				GCC_WARN_64_TO_32_BIT_CONVERSION = YES;
				GCC_WARN_ABOUT_RETURN_TYPE = YES_ERROR;
				GCC_WARN_UNDECLARED_SELECTOR = YES;
				GCC_WARN_UNINITIALIZED_AUTOS = YES_AGGRESSIVE;
				GCC_WARN_UNUSED_FUNCTION = YES;
				GCC_WARN_UNUSED_VARIABLE = YES;
				IPHONEOS_DEPLOYMENT_TARGET = 11.4;
				MTL_ENABLE_DEBUG_INFO = NO;
				SDKROOT = iphoneos;
				SWIFT_COMPILATION_MODE = wholemodule;
				SWIFT_OPTIMIZATION_LEVEL = "-O";
				VALIDATE_PRODUCT = YES;
			};
			name = Release;
		};
		15EAAB522137E12900E57CFD /* Debug */ = {
			isa = XCBuildConfiguration;
			buildSettings = {
				ASSETCATALOG_COMPILER_APPICON_NAME = AppIcon;
				CODE_SIGN_STYLE = Automatic;
				DEVELOPMENT_TEAM = CNMQE42DQF;
				INFOPLIST_FILE = "$(SRCROOT)/KoreaLover/SuportingFiles/Info.plist";
				IPHONEOS_DEPLOYMENT_TARGET = 9.0;
				LD_RUNPATH_SEARCH_PATHS = (
					"$(inherited)",
					"@executable_path/Frameworks",
				);
				PRODUCT_BUNDLE_IDENTIFIER = com.JinTonic.KoreaLover;
				PRODUCT_NAME = "$(TARGET_NAME)";
				SWIFT_VERSION = 4.0;
				TARGETED_DEVICE_FAMILY = "1,2";
			};
			name = Debug;
		};
		15EAAB532137E12900E57CFD /* Release */ = {
			isa = XCBuildConfiguration;
			buildSettings = {
				ASSETCATALOG_COMPILER_APPICON_NAME = AppIcon;
				CODE_SIGN_STYLE = Automatic;
				DEVELOPMENT_TEAM = CNMQE42DQF;
				INFOPLIST_FILE = "$(SRCROOT)/KoreaLover/SuportingFiles/Info.plist";
				IPHONEOS_DEPLOYMENT_TARGET = 9.0;
				LD_RUNPATH_SEARCH_PATHS = (
					"$(inherited)",
					"@executable_path/Frameworks",
				);
				PRODUCT_BUNDLE_IDENTIFIER = com.JinTonic.KoreaLover;
				PRODUCT_NAME = "$(TARGET_NAME)";
				SWIFT_VERSION = 4.0;
				TARGETED_DEVICE_FAMILY = "1,2";
			};
			name = Release;
		};
/* End XCBuildConfiguration section */

/* Begin XCConfigurationList section */
		15EAAB3A2137E12700E57CFD /* Build configuration list for PBXProject "KoreaLover" */ = {
			isa = XCConfigurationList;
			buildConfigurations = (
				15EAAB4F2137E12900E57CFD /* Debug */,
				15EAAB502137E12900E57CFD /* Release */,
			);
			defaultConfigurationIsVisible = 0;
			defaultConfigurationName = Release;
		};
		15EAAB512137E12900E57CFD /* Build configuration list for PBXNativeTarget "KoreaLover" */ = {
			isa = XCConfigurationList;
			buildConfigurations = (
				15EAAB522137E12900E57CFD /* Debug */,
				15EAAB532137E12900E57CFD /* Release */,
			);
			defaultConfigurationIsVisible = 0;
			defaultConfigurationName = Release;
		};
/* End XCConfigurationList section */
	};
	rootObject = 15EAAB372137E12700E57CFD /* Project object */;
}
